
Microsoft Visual Studio Solution File, Format Version 12.00
# Visual Studio Version 16
VisualStudioVersion = 16.0.30621.155
MinimumVisualStudioVersion = 10.0.40219.1
Project("{FAE04EC0-301F-11D3-BF4B-00C04F79EFBC}") = "NoteAppUI", "NoteAppUI\NoteAppUI.csproj", "{40793057-1487-41F6-9D2E-DADDB6B87BEF}"
EndProject
Global
	GlobalSection(SolutionConfigurationPlatforms) = preSolution
		Debug|Any CPU = Debug|Any CPU
		Release|Any CPU = Release|Any CPU
	EndGlobalSection
	GlobalSection(ProjectConfigurationPlatforms) = postSolution
		{40793057-1487-41F6-9D2E-DADDB6B87BEF}.Debug|Any CPU.ActiveCfg = Debug|Any CPU
		{40793057-1487-41F6-9D2E-DADDB6B87BEF}.Debug|Any CPU.Build.0 = Debug|Any CPU
		{40793057-1487-41F6-9D2E-DADDB6B87BEF}.Release|Any CPU.ActiveCfg = Release|Any CPU
		{40793057-1487-41F6-9D2E-DADDB6B87BEF}.Release|Any CPU.Build.0 = Release|Any CPU
	EndGlobalSection
	GlobalSection(SolutionProperties) = preSolution
		HideSolutionNode = FALSE
	EndGlobalSection
	GlobalSection(ExtensibilityGlobals) = postSolution
		SolutionGuid = {F6D5D617-1576-4036-A725-3762075212F3}
	EndGlobalSection
EndGlobal
